
Microsoft Visual Studio Solution File, Format Version 12.00
# Visual Studio Version 17
VisualStudioVersion = 17.5.33414.496
MinimumVisualStudioVersion = 10.0.40219.1
Project("{FAE04EC0-301F-11D3-BF4B-00C04F79EFBC}") = "NewProject1", "NewProject1\NewProject1.csproj", "{774C709C-5C5F-447F-A347-F996EFA586F8}"
EndProject
Global
	GlobalSection(SolutionConfigurationPlatforms) = preSolution
		Debug|Any CPU = Debug|Any CPU
		Release|Any CPU = Release|Any CPU
	EndGlobalSection
	GlobalSection(ProjectConfigurationPlatforms) = postSolution
		{774C709C-5C5F-447F-A347-F996EFA586F8}.Debug|Any CPU.ActiveCfg = Debug|Any CPU
		{774C709C-5C5F-447F-A347-F996EFA586F8}.Debug|Any CPU.Build.0 = Debug|Any CPU
		{774C709C-5C5F-447F-A347-F996EFA586F8}.Release|Any CPU.ActiveCfg = Release|Any CPU
		{774C709C-5C5F-447F-A347-F996EFA586F8}.Release|Any CPU.Build.0 = Release|Any CPU
	EndGlobalSection
	GlobalSection(SolutionProperties) = preSolution
		HideSolutionNode = FALSE
	EndGlobalSection
	GlobalSection(ExtensibilityGlobals) = postSolution
		SolutionGuid = {5CE9999B-D7F9-45C4-8540-C38BA3AA97D2}
	EndGlobalSection
EndGlobal
